
Microsoft Visual Studio Solution File, Format Version 12.00
# Visual Studio Version 17
VisualStudioVersion = 17.9.34728.123
MinimumVisualStudioVersion = 10.0.40219.1
Project("{FAE04EC0-301F-11D3-BF4B-00C04F79EFBC}") = "ExcelDnaTest", "ExcelDnaTest\ExcelDnaTest.csproj", "{B2098D08-8593-4096-A5EB-AB7280FC7F3B}"
EndProject
Global
	GlobalSection(SolutionConfigurationPlatforms) = preSolution
		Debug|Any CPU = Debug|Any CPU
		Release|Any CPU = Release|Any CPU
	EndGlobalSection
	GlobalSection(ProjectConfigurationPlatforms) = postSolution
		{B2098D08-8593-4096-A5EB-AB7280FC7F3B}.Debug|Any CPU.ActiveCfg = Debug|Any CPU
		{B2098D08-8593-4096-A5EB-AB7280FC7F3B}.Debug|Any CPU.Build.0 = Debug|Any CPU
		{B2098D08-8593-4096-A5EB-AB7280FC7F3B}.Release|Any CPU.ActiveCfg = Release|Any CPU
		{B2098D08-8593-4096-A5EB-AB7280FC7F3B}.Release|Any CPU.Build.0 = Release|Any CPU
	EndGlobalSection
	GlobalSection(SolutionProperties) = preSolution
		HideSolutionNode = FALSE
	EndGlobalSection
	GlobalSection(ExtensibilityGlobals) = postSolution
		SolutionGuid = {0D860E15-A81D-43B9-8DBC-D299B138301C}
	EndGlobalSection
EndGlobal
